
Microsoft Visual Studio Solution File, Format Version 12.00
# Visual Studio Version 17
VisualStudioVersion = 17.7.34018.315
MinimumVisualStudioVersion = 10.0.40219.1
Project("{9A19103F-16F7-4668-BE54-9A1E7A4F7556}") = "ADIRA.Server", "Server\ADIRA.Server.csproj", "{46B18EF6-43B7-42AD-910F-40BF6F2B9428}"
EndProject
Project("{9A19103F-16F7-4668-BE54-9A1E7A4F7556}") = "ADIRA.Client", "Client\ADIRA.Client.csproj", "{75A67043-0D21-4AEB-AA72-A97ED5A8250B}"
EndProject
Project("{9A19103F-16F7-4668-BE54-9A1E7A4F7556}") = "ADIRA.Shared", "Shared\ADIRA.Shared.csproj", "{0016CFBD-C236-43F2-9609-CD9F3EF56817}"
EndProject
Global
	GlobalSection(SolutionConfigurationPlatforms) = preSolution
		Debug|Any CPU = Debug|Any CPU
		Release|Any CPU = Release|Any CPU
	EndGlobalSection
	GlobalSection(ProjectConfigurationPlatforms) = postSolution
		{46B18EF6-43B7-42AD-910F-40BF6F2B9428}.Debug|Any CPU.ActiveCfg = Debug|Any CPU
		{46B18EF6-43B7-42AD-910F-40BF6F2B9428}.Debug|Any CPU.Build.0 = Debug|Any CPU
		{46B18EF6-43B7-42AD-910F-40BF6F2B9428}.Release|Any CPU.ActiveCfg = Release|Any CPU
		{46B18EF6-43B7-42AD-910F-40BF6F2B9428}.Release|Any CPU.Build.0 = Release|Any CPU
		{75A67043-0D21-4AEB-AA72-A97ED5A8250B}.Debug|Any CPU.ActiveCfg = Debug|Any CPU
		{75A67043-0D21-4AEB-AA72-A97ED5A8250B}.Debug|Any CPU.Build.0 = Debug|Any CPU
		{75A67043-0D21-4AEB-AA72-A97ED5A8250B}.Release|Any CPU.ActiveCfg = Release|Any CPU
		{75A67043-0D21-4AEB-AA72-A97ED5A8250B}.Release|Any CPU.Build.0 = Release|Any CPU
		{0016CFBD-C236-43F2-9609-CD9F3EF56817}.Debug|Any CPU.ActiveCfg = Debug|Any CPU
		{0016CFBD-C236-43F2-9609-CD9F3EF56817}.Debug|Any CPU.Build.0 = Debug|Any CPU
		{0016CFBD-C236-43F2-9609-CD9F3EF56817}.Release|Any CPU.ActiveCfg = Release|Any CPU
		{0016CFBD-C236-43F2-9609-CD9F3EF56817}.Release|Any CPU.Build.0 = Release|Any CPU
	EndGlobalSection
	GlobalSection(SolutionProperties) = preSolution
		HideSolutionNode = FALSE
	EndGlobalSection
	GlobalSection(ExtensibilityGlobals) = postSolution
		SolutionGuid = {14436C5F-F663-4CF9-B039-923835257B03}
	EndGlobalSection
EndGlobal
